
Microsoft Visual Studio Solution File, Format Version 12.00
# Visual Studio Version 16
VisualStudioVersion = 16.0.32901.82
MinimumVisualStudioVersion = 10.0.40219.1
Project("{FAE04EC0-301F-11D3-BF4B-00C04F79EFBC}") = "Create-Project", "Create-Project\Create-Project.csproj", "{6140E57B-44A9-4399-A98E-53FA127205FF}"
EndProject
Global
	GlobalSection(SolutionConfigurationPlatforms) = preSolution
		Debug|Any CPU = Debug|Any CPU
		Release|Any CPU = Release|Any CPU
	EndGlobalSection
	GlobalSection(ProjectConfigurationPlatforms) = postSolution
		{6140E57B-44A9-4399-A98E-53FA127205FF}.Debug|Any CPU.ActiveCfg = Debug|Any CPU
		{6140E57B-44A9-4399-A98E-53FA127205FF}.Debug|Any CPU.Build.0 = Debug|Any CPU
		{6140E57B-44A9-4399-A98E-53FA127205FF}.Release|Any CPU.ActiveCfg = Release|Any CPU
		{6140E57B-44A9-4399-A98E-53FA127205FF}.Release|Any CPU.Build.0 = Release|Any CPU
	EndGlobalSection
	GlobalSection(SolutionProperties) = preSolution
		HideSolutionNode = FALSE
	EndGlobalSection
	GlobalSection(ExtensibilityGlobals) = postSolution
		SolutionGuid = {605DDBA0-3DC0-408E-A76E-81CAFF9FEBEC}
	EndGlobalSection
EndGlobal
